// !$*UTF8*$!
{
	archiveVersion = 1;
	classes = {
	};
	objectVersion = 46;
	objects = {

/* Begin PBXBuildFile section */
		8DAAAD5C1A1569890003573B /* main.m in Sources */ = {isa = PBXBuildFile; fileRef = 8DAAAD5B1A1569890003573B /* main.m */; };
		8DAAAD5F1A1569890003573B /* AppDelegate.m in Sources */ = {isa = PBXBuildFile; fileRef = 8DAAAD5E1A1569890003573B /* AppDelegate.m */; };
		8DAAAD621A1569890003573B /* ViewController.m in Sources */ = {isa = PBXBuildFile; fileRef = 8DAAAD611A1569890003573B /* ViewController.m */; };
		8DAAAD651A1569890003573B /* Main.storyboard in Resources */ = {isa = PBXBuildFile; fileRef = 8DAAAD631A1569890003573B /* Main.storyboard */; };
		8DAAAD671A1569890003573B /* Images.xcassets in Resources */ = {isa = PBXBuildFile; fileRef = 8DAAAD661A1569890003573B /* Images.xcassets */; };
		8DAAAD6A1A1569890003573B /* LaunchScreen.xib in Resources */ = {isa = PBXBuildFile; fileRef = 8DAAAD681A1569890003573B /* LaunchScreen.xib */; };
		8DAAAD761A1569890003573B /* InNews_DemoTests.m in Sources */ = {isa = PBXBuildFile; fileRef = 8DAAAD751A1569890003573B /* InNews_DemoTests.m */; };
		8DAAAD821A1569DC0003573B /* InNews.m in Sources */ = {isa = PBXBuildFile; fileRef = 8DAAAD811A1569DC0003573B /* InNews.m */; };
		8DAAADA71A156AE20003573B /* YQHTTPRequestOperation.m in Sources */ = {isa = PBXBuildFile; fileRef = 8DAAAD861A156AE20003573B /* YQHTTPRequestOperation.m */; };
		8DAAADA81A156AE20003573B /* YQHTTPRequestOperationManager.m in Sources */ = {isa = PBXBuildFile; fileRef = 8DAAAD881A156AE20003573B /* YQHTTPRequestOperationManager.m */; };
		8DAAADA91A156AE20003573B /* YQHTTPSessionManager.m in Sources */ = {isa = PBXBuildFile; fileRef = 8DAAAD8A1A156AE20003573B /* YQHTTPSessionManager.m */; };
		8DAAADAA1A156AE20003573B /* YQNetworkReachabilityManager.m in Sources */ = {isa = PBXBuildFile; fileRef = 8DAAAD8D1A156AE20003573B /* YQNetworkReachabilityManager.m */; };
		8DAAADAB1A156AE20003573B /* YQSecurityPolicy.m in Sources */ = {isa = PBXBuildFile; fileRef = 8DAAAD8F1A156AE20003573B /* YQSecurityPolicy.m */; };
		8DAAADAC1A156AE20003573B /* YQURLConnectionOperation.m in Sources */ = {isa = PBXBuildFile; fileRef = 8DAAAD911A156AE20003573B /* YQURLConnectionOperation.m */; };
		8DAAADAD1A156AE20003573B /* YQURLRequestSerialization.m in Sources */ = {isa = PBXBuildFile; fileRef = 8DAAAD931A156AE20003573B /* YQURLRequestSerialization.m */; };
		8DAAADAE1A156AE20003573B /* YQURLResponseSerialization.m in Sources */ = {isa = PBXBuildFile; fileRef = 8DAAAD951A156AE20003573B /* YQURLResponseSerialization.m */; };
		8DAAADAF1A156AE20003573B /* YQURLSessionManager.m in Sources */ = {isa = PBXBuildFile; fileRef = 8DAAAD971A156AE20003573B /* YQURLSessionManager.m */; };
		8DAAADB01A156AE20003573B /* YQParse.m in Sources */ = {isa = PBXBuildFile; fileRef = 8DAAAD991A156AE20003573B /* YQParse.m */; };
		8DAAADB11A156AE20003573B /* YQParseAnalytics.m in Sources */ = {isa = PBXBuildFile; fileRef = 8DAAAD9B1A156AE20003573B /* YQParseAnalytics.m */; };
		8DAAADB21A156AE20003573B /* YQParseImgaeView.m in Sources */ = {isa = PBXBuildFile; fileRef = 8DAAAD9E1A156AE20003573B /* YQParseImgaeView.m */; };
		8DAAADB31A156AE20003573B /* YQParseObject.m in Sources */ = {isa = PBXBuildFile; fileRef = 8DAAADA01A156AE20003573B /* YQParseObject.m */; };
		8DAAADB41A156AE20003573B /* YQParseQuery.m in Sources */ = {isa = PBXBuildFile; fileRef = 8DAAADA21A156AE20003573B /* YQParseQuery.m */; };
		8DAAADB51A156AE20003573B /* YQParseRequestOperationManager.m in Sources */ = {isa = PBXBuildFile; fileRef = 8DAAADA41A156AE20003573B /* YQParseRequestOperationManager.m */; };
		8DAAADB61A156AE20003573B /* YQParseUser.m in Sources */ = {isa = PBXBuildFile; fileRef = 8DAAADA61A156AE20003573B /* YQParseUser.m */; };
		8DAAADB91A15768C0003573B /* SecondViewController.m in Sources */ = {isa = PBXBuildFile; fileRef = 8DAAADB81A15768C0003573B /* SecondViewController.m */; };
		8DAAADBC1A1578720003573B /* iAd.framework in Frameworks */ = {isa = PBXBuildFile; fileRef = 8DAAADBB1A1578720003573B /* iAd.framework */; };
		8DAAADBF1A157E3A0003573B /* InNewsTextField.m in Sources */ = {isa = PBXBuildFile; fileRef = 8DAAADBE1A157E3A0003573B /* InNewsTextField.m */; };
		8DAAADC21A1582920003573B /* ArticleTableViewController.m in Sources */ = {isa = PBXBuildFile; fileRef = 8DAAADC11A1582920003573B /* ArticleTableViewController.m */; };
		8DAAADC51A1586730003573B /* ArticleBlockTableViewCell.m in Sources */ = {isa = PBXBuildFile; fileRef = 8DAAADC41A1586730003573B /* ArticleBlockTableViewCell.m */; };
		8DAAADC81A1591190003573B /* InNewsLabel.m in Sources */ = {isa = PBXBuildFile; fileRef = 8DAAADC71A1591190003573B /* InNewsLabel.m */; };
		8DAAADCB1A15A2760003573B /* AdTableViewCell.m in Sources */ = {isa = PBXBuildFile; fileRef = 8DAAADCA1A15A2760003573B /* AdTableViewCell.m */; };
/* End PBXBuildFile section */

/* Begin PBXContainerItemProxy section */
		8DAAAD701A1569890003573B /* PBXContainerItemProxy */ = {
			isa = PBXContainerItemProxy;
			containerPortal = 8DAAAD4E1A1569890003573B /* Project object */;
			proxyType = 1;
			remoteGlobalIDString = 8DAAAD551A1569890003573B;
			remoteInfo = "InNews-Demo";
		};
/* End PBXContainerItemProxy section */

/* Begin PBXFileReference section */
		8DAAAD561A1569890003573B /* InNews-Demo.app */ = {isa = PBXFileReference; explicitFileType = wrapper.application; includeInIndex = 0; path = "InNews-Demo.app"; sourceTree = BUILT_PRODUCTS_DIR; };
		8DAAAD5A1A1569890003573B /* Info.plist */ = {isa = PBXFileReference; lastKnownFileType = text.plist.xml; path = Info.plist; sourceTree = "<group>"; };
		8DAAAD5B1A1569890003573B /* main.m */ = {isa = PBXFileReference; lastKnownFileType = sourcecode.c.objc; path = main.m; sourceTree = "<group>"; };
		8DAAAD5D1A1569890003573B /* AppDelegate.h */ = {isa = PBXFileReference; lastKnownFileType = sourcecode.c.h; path = AppDelegate.h; sourceTree = "<group>"; };
		8DAAAD5E1A1569890003573B /* AppDelegate.m */ = {isa = PBXFileReference; lastKnownFileType = sourcecode.c.objc; path = AppDelegate.m; sourceTree = "<group>"; };
		8DAAAD601A1569890003573B /* ViewController.h */ = {isa = PBXFileReference; lastKnownFileType = sourcecode.c.h; path = ViewController.h; sourceTree = "<group>"; };
		8DAAAD611A1569890003573B /* ViewController.m */ = {isa = PBXFileReference; lastKnownFileType = sourcecode.c.objc; path = ViewController.m; sourceTree = "<group>"; };
		8DAAAD641A1569890003573B /* Base */ = {isa = PBXFileReference; lastKnownFileType = file.storyboard; name = Base; path = Base.lproj/Main.storyboard; sourceTree = "<group>"; };
		8DAAAD661A1569890003573B /* Images.xcassets */ = {isa = PBXFileReference; lastKnownFileType = folder.assetcatalog; path = Images.xcassets; sourceTree = "<group>"; };
		8DAAAD691A1569890003573B /* Base */ = {isa = PBXFileReference; lastKnownFileType = file.xib; name = Base; path = Base.lproj/LaunchScreen.xib; sourceTree = "<group>"; };
		8DAAAD6F1A1569890003573B /* InNews-DemoTests.xctest */ = {isa = PBXFileReference; explicitFileType = wrapper.cfbundle; includeInIndex = 0; path = "InNews-DemoTests.xctest"; sourceTree = BUILT_PRODUCTS_DIR; };
		8DAAAD741A1569890003573B /* Info.plist */ = {isa = PBXFileReference; lastKnownFileType = text.plist.xml; path = Info.plist; sourceTree = "<group>"; };
		8DAAAD751A1569890003573B /* InNews_DemoTests.m */ = {isa = PBXFileReference; lastKnownFileType = sourcecode.c.objc; path = InNews_DemoTests.m; sourceTree = "<group>"; };
		8DAAAD801A1569DC0003573B /* InNews.h */ = {isa = PBXFileReference; fileEncoding = 4; lastKnownFileType = sourcecode.c.h; path = InNews.h; sourceTree = "<group>"; };
		8DAAAD811A1569DC0003573B /* InNews.m */ = {isa = PBXFileReference; fileEncoding = 4; lastKnownFileType = sourcecode.c.objc; path = InNews.m; sourceTree = "<group>"; };
		8DAAAD851A156AE20003573B /* YQHTTPRequestOperation.h */ = {isa = PBXFileReference; fileEncoding = 4; lastKnownFileType = sourcecode.c.h; path = YQHTTPRequestOperation.h; sourceTree = "<group>"; };
		8DAAAD861A156AE20003573B /* YQHTTPRequestOperation.m */ = {isa = PBXFileReference; fileEncoding = 4; lastKnownFileType = sourcecode.c.objc; path = YQHTTPRequestOperation.m; sourceTree = "<group>"; };
		8DAAAD871A156AE20003573B /* YQHTTPRequestOperationManager.h */ = {isa = PBXFileReference; fileEncoding = 4; lastKnownFileType = sourcecode.c.h; path = YQHTTPRequestOperationManager.h; sourceTree = "<group>"; };
		8DAAAD881A156AE20003573B /* YQHTTPRequestOperationManager.m */ = {isa = PBXFileReference; fileEncoding = 4; lastKnownFileType = sourcecode.c.objc; path = YQHTTPRequestOperationManager.m; sourceTree = "<group>"; };
		8DAAAD891A156AE20003573B /* YQHTTPSessionManager.h */ = {isa = PBXFileReference; fileEncoding = 4; lastKnownFileType = sourcecode.c.h; path = YQHTTPSessionManager.h; sourceTree = "<group>"; };
		8DAAAD8A1A156AE20003573B /* YQHTTPSessionManager.m */ = {isa = PBXFileReference; fileEncoding = 4; lastKnownFileType = sourcecode.c.objc; path = YQHTTPSessionManager.m; sourceTree = "<group>"; };
		8DAAAD8B1A156AE20003573B /* YQNetworking.h */ = {isa = PBXFileReference; fileEncoding = 4; lastKnownFileType = sourcecode.c.h; path = YQNetworking.h; sourceTree = "<group>"; };
		8DAAAD8C1A156AE20003573B /* YQNetworkReachabilityManager.h */ = {isa = PBXFileReference; fileEncoding = 4; lastKnownFileType = sourcecode.c.h; path = YQNetworkReachabilityManager.h; sourceTree = "<group>"; };
		8DAAAD8D1A156AE20003573B /* YQNetworkReachabilityManager.m */ = {isa = PBXFileReference; fileEncoding = 4; lastKnownFileType = sourcecode.c.objc; path = YQNetworkReachabilityManager.m; sourceTree = "<group>"; };
		8DAAAD8E1A156AE20003573B /* YQSecurityPolicy.h */ = {isa = PBXFileReference; fileEncoding = 4; lastKnownFileType = sourcecode.c.h; path = YQSecurityPolicy.h; sourceTree = "<group>"; };
		8DAAAD8F1A156AE20003573B /* YQSecurityPolicy.m */ = {isa = PBXFileReference; fileEncoding = 4; lastKnownFileType = sourcecode.c.objc; path = YQSecurityPolicy.m; sourceTree = "<group>"; };
		8DAAAD901A156AE20003573B /* YQURLConnectionOperation.h */ = {isa = PBXFileReference; fileEncoding = 4; lastKnownFileType = sourcecode.c.h; path = YQURLConnectionOperation.h; sourceTree = "<group>"; };
		8DAAAD911A156AE20003573B /* YQURLConnectionOperation.m */ = {isa = PBXFileReference; fileEncoding = 4; lastKnownFileType = sourcecode.c.objc; path = YQURLConnectionOperation.m; sourceTree = "<group>"; };
		8DAAAD921A156AE20003573B /* YQURLRequestSerialization.h */ = {isa = PBXFileReference; fileEncoding = 4; lastKnownFileType = sourcecode.c.h; path = YQURLRequestSerialization.h; sourceTree = "<group>"; };
		8DAAAD931A156AE20003573B /* YQURLRequestSerialization.m */ = {isa = PBXFileReference; fileEncoding = 4; lastKnownFileType = sourcecode.c.objc; path = YQURLRequestSerialization.m; sourceTree = "<group>"; };
		8DAAAD941A156AE20003573B /* YQURLResponseSerialization.h */ = {isa = PBXFileReference; fileEncoding = 4; lastKnownFileType = sourcecode.c.h; path = YQURLResponseSerialization.h; sourceTree = "<group>"; };
		8DAAAD951A156AE20003573B /* YQURLResponseSerialization.m */ = {isa = PBXFileReference; fileEncoding = 4; lastKnownFileType = sourcecode.c.objc; path = YQURLResponseSerialization.m; sourceTree = "<group>"; };
		8DAAAD961A156AE20003573B /* YQURLSessionManager.h */ = {isa = PBXFileReference; fileEncoding = 4; lastKnownFileType = sourcecode.c.h; path = YQURLSessionManager.h; sourceTree = "<group>"; };
		8DAAAD971A156AE20003573B /* YQURLSessionManager.m */ = {isa = PBXFileReference; fileEncoding = 4; lastKnownFileType = sourcecode.c.objc; path = YQURLSessionManager.m; sourceTree = "<group>"; };
		8DAAAD981A156AE20003573B /* YQParse.h */ = {isa = PBXFileReference; fileEncoding = 4; lastKnownFileType = sourcecode.c.h; path = YQParse.h; sourceTree = "<group>"; };
		8DAAAD991A156AE20003573B /* YQParse.m */ = {isa = PBXFileReference; fileEncoding = 4; lastKnownFileType = sourcecode.c.objc; path = YQParse.m; sourceTree = "<group>"; };
		8DAAAD9A1A156AE20003573B /* YQParseAnalytics.h */ = {isa = PBXFileReference; fileEncoding = 4; lastKnownFileType = sourcecode.c.h; path = YQParseAnalytics.h; sourceTree = "<group>"; };
		8DAAAD9B1A156AE20003573B /* YQParseAnalytics.m */ = {isa = PBXFileReference; fileEncoding = 4; lastKnownFileType = sourcecode.c.objc; path = YQParseAnalytics.m; sourceTree = "<group>"; };
		8DAAAD9C1A156AE20003573B /* YQParseConstants.h */ = {isa = PBXFileReference; fileEncoding = 4; lastKnownFileType = sourcecode.c.h; path = YQParseConstants.h; sourceTree = "<group>"; };
		8DAAAD9D1A156AE20003573B /* YQParseImgaeView.h */ = {isa = PBXFileReference; fileEncoding = 4; lastKnownFileType = sourcecode.c.h; path = YQParseImgaeView.h; sourceTree = "<group>"; };
		8DAAAD9E1A156AE20003573B /* YQParseImgaeView.m */ = {isa = PBXFileReference; fileEncoding = 4; lastKnownFileType = sourcecode.c.objc; path = YQParseImgaeView.m; sourceTree = "<group>"; };
		8DAAAD9F1A156AE20003573B /* YQParseObject.h */ = {isa = PBXFileReference; fileEncoding = 4; lastKnownFileType = sourcecode.c.h; path = YQParseObject.h; sourceTree = "<group>"; };
		8DAAADA01A156AE20003573B /* YQParseObject.m */ = {isa = PBXFileReference; fileEncoding = 4; lastKnownFileType = sourcecode.c.objc; path = YQParseObject.m; sourceTree = "<group>"; };
		8DAAADA11A156AE20003573B /* YQParseQuery.h */ = {isa = PBXFileReference; fileEncoding = 4; lastKnownFileType = sourcecode.c.h; path = YQParseQuery.h; sourceTree = "<group>"; };
		8DAAADA21A156AE20003573B /* YQParseQuery.m */ = {isa = PBXFileReference; fileEncoding = 4; lastKnownFileType = sourcecode.c.objc; path = YQParseQuery.m; sourceTree = "<group>"; };
		8DAAADA31A156AE20003573B /* YQParseRequestOperationManager.h */ = {isa = PBXFileReference; fileEncoding = 4; lastKnownFileType = sourcecode.c.h; path = YQParseRequestOperationManager.h; sourceTree = "<group>"; };
		8DAAADA41A156AE20003573B /* YQParseRequestOperationManager.m */ = {isa = PBXFileReference; fileEncoding = 4; lastKnownFileType = sourcecode.c.objc; path = YQParseRequestOperationManager.m; sourceTree = "<group>"; };
		8DAAADA51A156AE20003573B /* YQParseUser.h */ = {isa = PBXFileReference; fileEncoding = 4; lastKnownFileType = sourcecode.c.h; path = YQParseUser.h; sourceTree = "<group>"; };
		8DAAADA61A156AE20003573B /* YQParseUser.m */ = {isa = PBXFileReference; fileEncoding = 4; lastKnownFileType = sourcecode.c.objc; path = YQParseUser.m; sourceTree = "<group>"; };
		8DAAADB71A15768C0003573B /* SecondViewController.h */ = {isa = PBXFileReference; fileEncoding = 4; lastKnownFileType = sourcecode.c.h; path = SecondViewController.h; sourceTree = "<group>"; };
		8DAAADB81A15768C0003573B /* SecondViewController.m */ = {isa = PBXFileReference; fileEncoding = 4; lastKnownFileType = sourcecode.c.objc; path = SecondViewController.m; sourceTree = "<group>"; };
		8DAAADBB1A1578720003573B /* iAd.framework */ = {isa = PBXFileReference; lastKnownFileType = wrapper.framework; name = iAd.framework; path = System/Library/Frameworks/iAd.framework; sourceTree = SDKROOT; };
		8DAAADBD1A157E3A0003573B /* InNewsTextField.h */ = {isa = PBXFileReference; fileEncoding = 4; lastKnownFileType = sourcecode.c.h; path = InNewsTextField.h; sourceTree = "<group>"; };
		8DAAADBE1A157E3A0003573B /* InNewsTextField.m */ = {isa = PBXFileReference; fileEncoding = 4; lastKnownFileType = sourcecode.c.objc; path = InNewsTextField.m; sourceTree = "<group>"; };
		8DAAADC01A1582920003573B /* ArticleTableViewController.h */ = {isa = PBXFileReference; fileEncoding = 4; lastKnownFileType = sourcecode.c.h; path = ArticleTableViewController.h; sourceTree = "<group>"; };
		8DAAADC11A1582920003573B /* ArticleTableViewController.m */ = {isa = PBXFileReference; fileEncoding = 4; lastKnownFileType = sourcecode.c.objc; path = ArticleTableViewController.m; sourceTree = "<group>"; };
		8DAAADC31A1586730003573B /* ArticleBlockTableViewCell.h */ = {isa = PBXFileReference; fileEncoding = 4; lastKnownFileType = sourcecode.c.h; path = ArticleBlockTableViewCell.h; sourceTree = "<group>"; };
		8DAAADC41A1586730003573B /* ArticleBlockTableViewCell.m */ = {isa = PBXFileReference; fileEncoding = 4; lastKnownFileType = sourcecode.c.objc; path = ArticleBlockTableViewCell.m; sourceTree = "<group>"; };
		8DAAADC61A1591190003573B /* InNewsLabel.h */ = {isa = PBXFileReference; fileEncoding = 4; lastKnownFileType = sourcecode.c.h; path = InNewsLabel.h; sourceTree = "<group>"; };
		8DAAADC71A1591190003573B /* InNewsLabel.m */ = {isa = PBXFileReference; fileEncoding = 4; lastKnownFileType = sourcecode.c.objc; path = InNewsLabel.m; sourceTree = "<group>"; };
		8DAAADC91A15A2760003573B /* AdTableViewCell.h */ = {isa = PBXFileReference; fileEncoding = 4; lastKnownFileType = sourcecode.c.h; path = AdTableViewCell.h; sourceTree = "<group>"; };
		8DAAADCA1A15A2760003573B /* AdTableViewCell.m */ = {isa = PBXFileReference; fileEncoding = 4; lastKnownFileType = sourcecode.c.objc; path = AdTableViewCell.m; sourceTree = "<group>"; };
/* End PBXFileReference section */

/* Begin PBXFrameworksBuildPhase section */
		8DAAAD531A1569890003573B /* Frameworks */ = {
			isa = PBXFrameworksBuildPhase;
			buildActionMask = 2147483647;
			files = (
				8DAAADBC1A1578720003573B /* iAd.framework in Frameworks */,
			);
			runOnlyForDeploymentPostprocessing = 0;
		};
		8DAAAD6C1A1569890003573B /* Frameworks */ = {
			isa = PBXFrameworksBuildPhase;
			buildActionMask = 2147483647;
			files = (
			);
			runOnlyForDeploymentPostprocessing = 0;
		};
/* End PBXFrameworksBuildPhase section */

/* Begin PBXGroup section */
		8DAAAD4D1A1569890003573B = {
			isa = PBXGroup;
			children = (
				8DAAADBA1A15785E0003573B /* Frameworks */,
				8DAAAD581A1569890003573B /* InNews-Demo */,
				8DAAAD721A1569890003573B /* InNews-DemoTests */,
				8DAAAD571A1569890003573B /* Products */,
			);
			sourceTree = "<group>";
		};
		8DAAAD571A1569890003573B /* Products */ = {
			isa = PBXGroup;
			children = (
				8DAAAD561A1569890003573B /* InNews-Demo.app */,
				8DAAAD6F1A1569890003573B /* InNews-DemoTests.xctest */,
			);
			name = Products;
			sourceTree = "<group>";
		};
		8DAAAD581A1569890003573B /* InNews-Demo */ = {
			isa = PBXGroup;
			children = (
				8DAAAD7F1A1569A30003573B /* InNews */,
				8DAAAD5D1A1569890003573B /* AppDelegate.h */,
				8DAAAD5E1A1569890003573B /* AppDelegate.m */,
				8DAAAD601A1569890003573B /* ViewController.h */,
				8DAAAD611A1569890003573B /* ViewController.m */,
				8DAAADB71A15768C0003573B /* SecondViewController.h */,
				8DAAADB81A15768C0003573B /* SecondViewController.m */,
				8DAAAD631A1569890003573B /* Main.storyboard */,
				8DAAAD661A1569890003573B /* Images.xcassets */,
				8DAAAD681A1569890003573B /* LaunchScreen.xib */,
				8DAAAD591A1569890003573B /* Supporting Files */,
			);
			path = "InNews-Demo";
			sourceTree = "<group>";
		};
		8DAAAD591A1569890003573B /* Supporting Files */ = {
			isa = PBXGroup;
			children = (
				8DAAAD5A1A1569890003573B /* Info.plist */,
				8DAAAD5B1A1569890003573B /* main.m */,
			);
			name = "Supporting Files";
			sourceTree = "<group>";
		};
		8DAAAD721A1569890003573B /* InNews-DemoTests */ = {
			isa = PBXGroup;
			children = (
				8DAAAD751A1569890003573B /* InNews_DemoTests.m */,
				8DAAAD731A1569890003573B /* Supporting Files */,
			);
			path = "InNews-DemoTests";
			sourceTree = "<group>";
		};
		8DAAAD731A1569890003573B /* Supporting Files */ = {
			isa = PBXGroup;
			children = (
				8DAAAD741A1569890003573B /* Info.plist */,
			);
			name = "Supporting Files";
			sourceTree = "<group>";
		};
		8DAAAD7F1A1569A30003573B /* InNews */ = {
			isa = PBXGroup;
			children = (
				8DAAAD801A1569DC0003573B /* InNews.h */,
				8DAAAD811A1569DC0003573B /* InNews.m */,
				8DAAADBD1A157E3A0003573B /* InNewsTextField.h */,
				8DAAADBE1A157E3A0003573B /* InNewsTextField.m */,
				8DAAADC01A1582920003573B /* ArticleTableViewController.h */,
				8DAAADC11A1582920003573B /* ArticleTableViewController.m */,
				8DAAADC31A1586730003573B /* ArticleBlockTableViewCell.h */,
				8DAAADC41A1586730003573B /* ArticleBlockTableViewCell.m */,
				8DAAADC91A15A2760003573B /* AdTableViewCell.h */,
				8DAAADCA1A15A2760003573B /* AdTableViewCell.m */,
				8DAAADC61A1591190003573B /* InNewsLabel.h */,
				8DAAADC71A1591190003573B /* InNewsLabel.m */,
				8DAAAD831A156AE20003573B /* YQParse */,
			);
			path = InNews;
			sourceTree = SOURCE_ROOT;
		};
		8DAAAD831A156AE20003573B /* YQParse */ = {
			isa = PBXGroup;
			children = (
				8DAAAD841A156AE20003573B /* YQNetworking */,
				8DAAAD981A156AE20003573B /* YQParse.h */,
				8DAAAD991A156AE20003573B /* YQParse.m */,
				8DAAAD9A1A156AE20003573B /* YQParseAnalytics.h */,
				8DAAAD9B1A156AE20003573B /* YQParseAnalytics.m */,
				8DAAAD9C1A156AE20003573B /* YQParseConstants.h */,
				8DAAAD9D1A156AE20003573B /* YQParseImgaeView.h */,
				8DAAAD9E1A156AE20003573B /* YQParseImgaeView.m */,
				8DAAAD9F1A156AE20003573B /* YQParseObject.h */,
				8DAAADA01A156AE20003573B /* YQParseObject.m */,
				8DAAADA11A156AE20003573B /* YQParseQuery.h */,
				8DAAADA21A156AE20003573B /* YQParseQuery.m */,
				8DAAADA31A156AE20003573B /* YQParseRequestOperationManager.h */,
				8DAAADA41A156AE20003573B /* YQParseRequestOperationManager.m */,
				8DAAADA51A156AE20003573B /* YQParseUser.h */,
				8DAAADA61A156AE20003573B /* YQParseUser.m */,
			);
			path = YQParse;
			sourceTree = "<group>";
		};
		8DAAAD841A156AE20003573B /* YQNetworking */ = {
			isa = PBXGroup;
			children = (
				8DAAAD851A156AE20003573B /* YQHTTPRequestOperation.h */,
				8DAAAD861A156AE20003573B /* YQHTTPRequestOperation.m */,
				8DAAAD871A156AE20003573B /* YQHTTPRequestOperationManager.h */,
				8DAAAD881A156AE20003573B /* YQHTTPRequestOperationManager.m */,
				8DAAAD891A156AE20003573B /* YQHTTPSessionManager.h */,
				8DAAAD8A1A156AE20003573B /* YQHTTPSessionManager.m */,
				8DAAAD8B1A156AE20003573B /* YQNetworking.h */,
				8DAAAD8C1A156AE20003573B /* YQNetworkReachabilityManager.h */,
				8DAAAD8D1A156AE20003573B /* YQNetworkReachabilityManager.m */,
				8DAAAD8E1A156AE20003573B /* YQSecurityPolicy.h */,
				8DAAAD8F1A156AE20003573B /* YQSecurityPolicy.m */,
				8DAAAD901A156AE20003573B /* YQURLConnectionOperation.h */,
				8DAAAD911A156AE20003573B /* YQURLConnectionOperation.m */,
				8DAAAD921A156AE20003573B /* YQURLRequestSerialization.h */,
				8DAAAD931A156AE20003573B /* YQURLRequestSerialization.m */,
				8DAAAD941A156AE20003573B /* YQURLResponseSerialization.h */,
				8DAAAD951A156AE20003573B /* YQURLResponseSerialization.m */,
				8DAAAD961A156AE20003573B /* YQURLSessionManager.h */,
				8DAAAD971A156AE20003573B /* YQURLSessionManager.m */,
			);
			path = YQNetworking;
			sourceTree = "<group>";
		};
		8DAAADBA1A15785E0003573B /* Frameworks */ = {
			isa = PBXGroup;
			children = (
				8DAAADBB1A1578720003573B /* iAd.framework */,
			);
			path = Frameworks;
			sourceTree = "<group>";
		};
/* End PBXGroup section */

/* Begin PBXNativeTarget section */
		8DAAAD551A1569890003573B /* InNews-Demo */ = {
			isa = PBXNativeTarget;
			buildConfigurationList = 8DAAAD791A1569890003573B /* Build configuration list for PBXNativeTarget "InNews-Demo" */;
			buildPhases = (
				8DAAAD521A1569890003573B /* Sources */,
				8DAAAD531A1569890003573B /* Frameworks */,
				8DAAAD541A1569890003573B /* Resources */,
			);
			buildRules = (
			);
			dependencies = (
			);
			name = "InNews-Demo";
			productName = "InNews-Demo";
			productReference = 8DAAAD561A1569890003573B /* InNews-Demo.app */;
			productType = "com.apple.product-type.application";
		};
		8DAAAD6E1A1569890003573B /* InNews-DemoTests */ = {
			isa = PBXNativeTarget;
			buildConfigurationList = 8DAAAD7C1A1569890003573B /* Build configuration list for PBXNativeTarget "InNews-DemoTests" */;
			buildPhases = (
				8DAAAD6B1A1569890003573B /* Sources */,
				8DAAAD6C1A1569890003573B /* Frameworks */,
				8DAAAD6D1A1569890003573B /* Resources */,
			);
			buildRules = (
			);
			dependencies = (
				8DAAAD711A1569890003573B /* PBXTargetDependency */,
			);
			name = "InNews-DemoTests";
			productName = "InNews-DemoTests";
			productReference = 8DAAAD6F1A1569890003573B /* InNews-DemoTests.xctest */;
			productType = "com.apple.product-type.bundle.unit-test";
		};
/* End PBXNativeTarget section */

/* Begin PBXProject section */
		8DAAAD4E1A1569890003573B /* Project object */ = {
			isa = PBXProject;
			attributes = {
				LastUpgradeCheck = 0610;
				ORGANIZATIONNAME = yiqin;
				TargetAttributes = {
					8DAAAD551A1569890003573B = {
						CreatedOnToolsVersion = 6.1;
					};
					8DAAAD6E1A1569890003573B = {
						CreatedOnToolsVersion = 6.1;
						TestTargetID = 8DAAAD551A1569890003573B;
					};
				};
			};
			buildConfigurationList = 8DAAAD511A1569890003573B /* Build configuration list for PBXProject "InNews-Demo" */;
			compatibilityVersion = "Xcode 3.2";
			developmentRegion = English;
			hasScannedForEncodings = 0;
			knownRegions = (
				en,
				Base,
			);
			mainGroup = 8DAAAD4D1A1569890003573B;
			productRefGroup = 8DAAAD571A1569890003573B /* Products */;
			projectDirPath = "";
			projectRoot = "";
			targets = (
				8DAAAD551A1569890003573B /* InNews-Demo */,
				8DAAAD6E1A1569890003573B /* InNews-DemoTests */,
			);
		};
/* End PBXProject section */

/* Begin PBXResourcesBuildPhase section */
		8DAAAD541A1569890003573B /* Resources */ = {
			isa = PBXResourcesBuildPhase;
			buildActionMask = 2147483647;
			files = (
				8DAAAD651A1569890003573B /* Main.storyboard in Resources */,
				8DAAAD6A1A1569890003573B /* LaunchScreen.xib in Resources */,
				8DAAAD671A1569890003573B /* Images.xcassets in Resources */,
			);
			runOnlyForDeploymentPostprocessing = 0;
		};
		8DAAAD6D1A1569890003573B /* Resources */ = {
			isa = PBXResourcesBuildPhase;
			buildActionMask = 2147483647;
			files = (
			);
			runOnlyForDeploymentPostprocessing = 0;
		};
/* End PBXResourcesBuildPhase section */

/* Begin PBXSourcesBuildPhase section */
		8DAAAD521A1569890003573B /* Sources */ = {
			isa = PBXSourcesBuildPhase;
			buildActionMask = 2147483647;
			files = (
				8DAAADB21A156AE20003573B /* YQParseImgaeView.m in Sources */,
				8DAAADAB1A156AE20003573B /* YQSecurityPolicy.m in Sources */,
				8DAAADB51A156AE20003573B /* YQParseRequestOperationManager.m in Sources */,
				8DAAADB91A15768C0003573B /* SecondViewController.m in Sources */,
				8DAAADAE1A156AE20003573B /* YQURLResponseSerialization.m in Sources */,
				8DAAADB61A156AE20003573B /* YQParseUser.m in Sources */,
				8DAAAD621A1569890003573B /* ViewController.m in Sources */,
				8DAAADAF1A156AE20003573B /* YQURLSessionManager.m in Sources */,
				8DAAADC51A1586730003573B /* ArticleBlockTableViewCell.m in Sources */,
				8DAAADB31A156AE20003573B /* YQParseObject.m in Sources */,
				8DAAADCB1A15A2760003573B /* AdTableViewCell.m in Sources */,
				8DAAADAA1A156AE20003573B /* YQNetworkReachabilityManager.m in Sources */,
				8DAAADA71A156AE20003573B /* YQHTTPRequestOperation.m in Sources */,
				8DAAADB11A156AE20003573B /* YQParseAnalytics.m in Sources */,
				8DAAADA91A156AE20003573B /* YQHTTPSessionManager.m in Sources */,
				8DAAADB41A156AE20003573B /* YQParseQuery.m in Sources */,
				8DAAADB01A156AE20003573B /* YQParse.m in Sources */,
				8DAAADAC1A156AE20003573B /* YQURLConnectionOperation.m in Sources */,
				8DAAAD5F1A1569890003573B /* AppDelegate.m in Sources */,
				8DAAADC21A1582920003573B /* ArticleTableViewController.m in Sources */,
				8DAAADA81A156AE20003573B /* YQHTTPRequestOperationManager.m in Sources */,
				8DAAAD5C1A1569890003573B /* main.m in Sources */,
				8DAAADBF1A157E3A0003573B /* InNewsTextField.m in Sources */,
				8DAAADC81A1591190003573B /* InNewsLabel.m in Sources */,
				8DAAADAD1A156AE20003573B /* YQURLRequestSerialization.m in Sources */,
				8DAAAD821A1569DC0003573B /* InNews.m in Sources */,
			);
			runOnlyForDeploymentPostprocessing = 0;
		};
		8DAAAD6B1A1569890003573B /* Sources */ = {
			isa = PBXSourcesBuildPhase;
			buildActionMask = 2147483647;
			files = (
				8DAAAD761A1569890003573B /* InNews_DemoTests.m in Sources */,
			);
			runOnlyForDeploymentPostprocessing = 0;
		};
/* End PBXSourcesBuildPhase section */

/* Begin PBXTargetDependency section */
		8DAAAD711A1569890003573B /* PBXTargetDependency */ = {
			isa = PBXTargetDependency;
			target = 8DAAAD551A1569890003573B /* InNews-Demo */;
			targetProxy = 8DAAAD701A1569890003573B /* PBXContainerItemProxy */;
		};
/* End PBXTargetDependency section */

/* Begin PBXVariantGroup section */
		8DAAAD631A1569890003573B /* Main.storyboard */ = {
			isa = PBXVariantGroup;
			children = (
				8DAAAD641A1569890003573B /* Base */,
			);
			name = Main.storyboard;
			sourceTree = "<group>";
		};
		8DAAAD681A1569890003573B /* LaunchScreen.xib */ = {
			isa = PBXVariantGroup;
			children = (
				8DAAAD691A1569890003573B /* Base */,
			);
			name = LaunchScreen.xib;
			sourceTree = "<group>";
		};
/* End PBXVariantGroup section */

/* Begin XCBuildConfiguration section */
		8DAAAD771A1569890003573B /* Debug */ = {
			isa = XCBuildConfiguration;
			buildSettings = {
				ALWAYS_SEARCH_USER_PATHS = NO;
				CLANG_CXX_LANGUAGE_STANDARD = "gnu++0x";
				CLANG_CXX_LIBRARY = "libc++";
				CLANG_ENABLE_MODULES = YES;
				CLANG_ENABLE_OBJC_ARC = YES;
				CLANG_WARN_BOOL_CONVERSION = YES;
				CLANG_WARN_CONSTANT_CONVERSION = YES;
				CLANG_WARN_DIRECT_OBJC_ISA_USAGE = YES_ERROR;
				CLANG_WARN_EMPTY_BODY = YES;
				CLANG_WARN_ENUM_CONVERSION = YES;
				CLANG_WARN_INT_CONVERSION = YES;
				CLANG_WARN_OBJC_ROOT_CLASS = YES_ERROR;
				CLANG_WARN_UNREACHABLE_CODE = YES;
				CLANG_WARN__DUPLICATE_METHOD_MATCH = YES;
				"CODE_SIGN_IDENTITY[sdk=iphoneos*]" = "iPhone Developer";
				COPY_PHASE_STRIP = NO;
				ENABLE_STRICT_OBJC_MSGSEND = YES;
				GCC_C_LANGUAGE_STANDARD = gnu99;
				GCC_DYNAMIC_NO_PIC = NO;
				GCC_OPTIMIZATION_LEVEL = 0;
				GCC_PREPROCESSOR_DEFINITIONS = (
					"DEBUG=1",
					"$(inherited)",
				);
				GCC_SYMBOLS_PRIVATE_EXTERN = NO;
				GCC_WARN_64_TO_32_BIT_CONVERSION = YES;
				GCC_WARN_ABOUT_RETURN_TYPE = YES_ERROR;
				GCC_WARN_UNDECLARED_SELECTOR = YES;
				GCC_WARN_UNINITIALIZED_AUTOS = YES_AGGRESSIVE;
				GCC_WARN_UNUSED_FUNCTION = YES;
				GCC_WARN_UNUSED_VARIABLE = YES;
				IPHONEOS_DEPLOYMENT_TARGET = 8.1;
				MTL_ENABLE_DEBUG_INFO = YES;
				ONLY_ACTIVE_ARCH = YES;
				SDKROOT = iphoneos;
			};
			name = Debug;
		};
		8DAAAD781A1569890003573B /* Release */ = {
			isa = XCBuildConfiguration;
			buildSettings = {
				ALWAYS_SEARCH_USER_PATHS = NO;
				CLANG_CXX_LANGUAGE_STANDARD = "gnu++0x";
				CLANG_CXX_LIBRARY = "libc++";
				CLANG_ENABLE_MODULES = YES;
				CLANG_ENABLE_OBJC_ARC = YES;
				CLANG_WARN_BOOL_CONVERSION = YES;
				CLANG_WARN_CONSTANT_CONVERSION = YES;
				CLANG_WARN_DIRECT_OBJC_ISA_USAGE = YES_ERROR;
				CLANG_WARN_EMPTY_BODY = YES;
				CLANG_WARN_ENUM_CONVERSION = YES;
				CLANG_WARN_INT_CONVERSION = YES;
				CLANG_WARN_OBJC_ROOT_CLASS = YES_ERROR;
				CLANG_WARN_UNREACHABLE_CODE = YES;
				CLANG_WARN__DUPLICATE_METHOD_MATCH = YES;
				"CODE_SIGN_IDENTITY[sdk=iphoneos*]" = "iPhone Developer";
				COPY_PHASE_STRIP = YES;
				ENABLE_NS_ASSERTIONS = NO;
				ENABLE_STRICT_OBJC_MSGSEND = YES;
				GCC_C_LANGUAGE_STANDARD = gnu99;
				GCC_WARN_64_TO_32_BIT_CONVERSION = YES;
				GCC_WARN_ABOUT_RETURN_TYPE = YES_ERROR;
				GCC_WARN_UNDECLARED_SELECTOR = YES;
				GCC_WARN_UNINITIALIZED_AUTOS = YES_AGGRESSIVE;
				GCC_WARN_UNUSED_FUNCTION = YES;
				GCC_WARN_UNUSED_VARIABLE = YES;
				IPHONEOS_DEPLOYMENT_TARGET = 8.1;
				MTL_ENABLE_DEBUG_INFO = NO;
				SDKROOT = iphoneos;
				VALIDATE_PRODUCT = YES;
			};
			name = Release;
		};
		8DAAAD7A1A1569890003573B /* Debug */ = {
			isa = XCBuildConfiguration;
			buildSettings = {
				ASSETCATALOG_COMPILER_APPICON_NAME = AppIcon;
				INFOPLIST_FILE = "InNews-Demo/Info.plist";
				LD_RUNPATH_SEARCH_PATHS = "$(inherited) @executable_path/Frameworks";
				PRODUCT_NAME = "$(TARGET_NAME)";
			};
			name = Debug;
		};
		8DAAAD7B1A1569890003573B /* Release */ = {
			isa = XCBuildConfiguration;
			buildSettings = {
				ASSETCATALOG_COMPILER_APPICON_NAME = AppIcon;
				INFOPLIST_FILE = "InNews-Demo/Info.plist";
				LD_RUNPATH_SEARCH_PATHS = "$(inherited) @executable_path/Frameworks";
				PRODUCT_NAME = "$(TARGET_NAME)";
			};
			name = Release;
		};
		8DAAAD7D1A1569890003573B /* Debug */ = {
			isa = XCBuildConfiguration;
			buildSettings = {
				BUNDLE_LOADER = "$(TEST_HOST)";
				FRAMEWORK_SEARCH_PATHS = (
					"$(SDKROOT)/Developer/Library/Frameworks",
					"$(inherited)",
				);
				GCC_PREPROCESSOR_DEFINITIONS = (
					"DEBUG=1",
					"$(inherited)",
				);
				INFOPLIST_FILE = "InNews-DemoTests/Info.plist";
				LD_RUNPATH_SEARCH_PATHS = "$(inherited) @executable_path/Frameworks @loader_path/Frameworks";
				PRODUCT_NAME = "$(TARGET_NAME)";
				TEST_HOST = "$(BUILT_PRODUCTS_DIR)/InNews-Demo.app/InNews-Demo";
			};
			name = Debug;
		};
		8DAAAD7E1A1569890003573B /* Release */ = {
			isa = XCBuildConfiguration;
			buildSettings = {
				BUNDLE_LOADER = "$(TEST_HOST)";
				FRAMEWORK_SEARCH_PATHS = (
					"$(SDKROOT)/Developer/Library/Frameworks",
					"$(inherited)",
				);
				INFOPLIST_FILE = "InNews-DemoTests/Info.plist";
				LD_RUNPATH_SEARCH_PATHS = "$(inherited) @executable_path/Frameworks @loader_path/Frameworks";
				PRODUCT_NAME = "$(TARGET_NAME)";
				TEST_HOST = "$(BUILT_PRODUCTS_DIR)/InNews-Demo.app/InNews-Demo";
			};
			name = Release;
		};
/* End XCBuildConfiguration section */

/* Begin XCConfigurationList section */
		8DAAAD511A1569890003573B /* Build configuration list for PBXProject "InNews-Demo" */ = {
			isa = XCConfigurationList;
			buildConfigurations = (
				8DAAAD771A1569890003573B /* Debug */,
				8DAAAD781A1569890003573B /* Release */,
			);
			defaultConfigurationIsVisible = 0;
			defaultConfigurationName = Release;
		};
		8DAAAD791A1569890003573B /* Build configuration list for PBXNativeTarget "InNews-Demo" */ = {
			isa = XCConfigurationList;
			buildConfigurations = (
				8DAAAD7A1A1569890003573B /* Debug */,
				8DAAAD7B1A1569890003573B /* Release */,
			);
			defaultConfigurationIsVisible = 0;
		};
		8DAAAD7C1A1569890003573B /* Build configuration list for PBXNativeTarget "InNews-DemoTests" */ = {
			isa = XCConfigurationList;
			buildConfigurations = (
				8DAAAD7D1A1569890003573B /* Debug */,
				8DAAAD7E1A1569890003573B /* Release */,
			);
			defaultConfigurationIsVisible = 0;
		};
/* End XCConfigurationList section */
	};
	rootObject = 8DAAAD4E1A1569890003573B /* Project object */;
}
